
Microsoft Visual Studio Solution File, Format Version 12.00
# Visual Studio Version 16
VisualStudioVersion = 16.0.31410.357
MinimumVisualStudioVersion = 10.0.40219.1
Project("{FAE04EC0-301F-11D3-BF4B-00C04F79EFBC}") = "InAndOut", "InAndOut\InAndOut.csproj", "{B6451297-4D72-41C0-AA74-627F6CC007E0}"
EndProject
Global
	GlobalSection(SolutionConfigurationPlatforms) = preSolution
		Debug|Any CPU = Debug|Any CPU
		Release|Any CPU = Release|Any CPU
	EndGlobalSection
	GlobalSection(ProjectConfigurationPlatforms) = postSolution
		{B6451297-4D72-41C0-AA74-627F6CC007E0}.Debug|Any CPU.ActiveCfg = Debug|Any CPU
		{B6451297-4D72-41C0-AA74-627F6CC007E0}.Debug|Any CPU.Build.0 = Debug|Any CPU
		{B6451297-4D72-41C0-AA74-627F6CC007E0}.Release|Any CPU.ActiveCfg = Release|Any CPU
		{B6451297-4D72-41C0-AA74-627F6CC007E0}.Release|Any CPU.Build.0 = Release|Any CPU
	EndGlobalSection
	GlobalSection(SolutionProperties) = preSolution
		HideSolutionNode = FALSE
	EndGlobalSection
	GlobalSection(ExtensibilityGlobals) = postSolution
		SolutionGuid = {DF3B4861-507D-4BB4-8BD4-9EC970F94536}
	EndGlobalSection
EndGlobal
